
Microsoft Visual Studio Solution File, Format Version 12.00
# Visual Studio Version 16
VisualStudioVersion = 16.0.30717.126
MinimumVisualStudioVersion = 10.0.40219.1
Project("{FAE04EC0-301F-11D3-BF4B-00C04F79EFBC}") = "Calcular", "ConsoleApp1\Calcular.csproj", "{BDD92116-60D2-4A66-944C-4CDE88F0F62C}"
EndProject
Global
	GlobalSection(SolutionConfigurationPlatforms) = preSolution
		Debug|Any CPU = Debug|Any CPU
		Release|Any CPU = Release|Any CPU
	EndGlobalSection
	GlobalSection(ProjectConfigurationPlatforms) = postSolution
		{BDD92116-60D2-4A66-944C-4CDE88F0F62C}.Debug|Any CPU.ActiveCfg = Debug|Any CPU
		{BDD92116-60D2-4A66-944C-4CDE88F0F62C}.Debug|Any CPU.Build.0 = Debug|Any CPU
		{BDD92116-60D2-4A66-944C-4CDE88F0F62C}.Release|Any CPU.ActiveCfg = Release|Any CPU
		{BDD92116-60D2-4A66-944C-4CDE88F0F62C}.Release|Any CPU.Build.0 = Release|Any CPU
	EndGlobalSection
	GlobalSection(SolutionProperties) = preSolution
		HideSolutionNode = FALSE
	EndGlobalSection
	GlobalSection(ExtensibilityGlobals) = postSolution
		SolutionGuid = {8CB771C4-126D-4182-934B-95E049A25EC6}
	EndGlobalSection
EndGlobal
