
Microsoft Visual Studio Solution File, Format Version 12.00
# Visual Studio Version 16
VisualStudioVersion = 16.0.30717.126
MinimumVisualStudioVersion = 10.0.40219.1
Project("{FAE04EC0-301F-11D3-BF4B-00C04F79EFBC}") = "Entidades", "CursoAlumnosParcial\Entidades.csproj", "{249E3E2B-DDBE-4316-889E-EF71219E28E1}"
EndProject
Project("{FAE04EC0-301F-11D3-BF4B-00C04F79EFBC}") = "ConsolaMain", "VistaConsolaa\ConsolaMain.csproj", "{D78D24B5-D12A-4CB5-A805-AC2D4BD859F5}"
EndProject
Global
	GlobalSection(SolutionConfigurationPlatforms) = preSolution
		Debug|Any CPU = Debug|Any CPU
		Release|Any CPU = Release|Any CPU
	EndGlobalSection
	GlobalSection(ProjectConfigurationPlatforms) = postSolution
		{249E3E2B-DDBE-4316-889E-EF71219E28E1}.Debug|Any CPU.ActiveCfg = Debug|Any CPU
		{249E3E2B-DDBE-4316-889E-EF71219E28E1}.Debug|Any CPU.Build.0 = Debug|Any CPU
		{249E3E2B-DDBE-4316-889E-EF71219E28E1}.Release|Any CPU.ActiveCfg = Release|Any CPU
		{249E3E2B-DDBE-4316-889E-EF71219E28E1}.Release|Any CPU.Build.0 = Release|Any CPU
		{D78D24B5-D12A-4CB5-A805-AC2D4BD859F5}.Debug|Any CPU.ActiveCfg = Debug|Any CPU
		{D78D24B5-D12A-4CB5-A805-AC2D4BD859F5}.Debug|Any CPU.Build.0 = Debug|Any CPU
		{D78D24B5-D12A-4CB5-A805-AC2D4BD859F5}.Release|Any CPU.ActiveCfg = Release|Any CPU
		{D78D24B5-D12A-4CB5-A805-AC2D4BD859F5}.Release|Any CPU.Build.0 = Release|Any CPU
	EndGlobalSection
	GlobalSection(SolutionProperties) = preSolution
		HideSolutionNode = FALSE
	EndGlobalSection
	GlobalSection(ExtensibilityGlobals) = postSolution
		SolutionGuid = {8D5C6320-028B-48C5-B0FF-FA2D6E5A9F76}
	EndGlobalSection
EndGlobal
