
Microsoft Visual Studio Solution File, Format Version 12.00
# Visual Studio Version 16
VisualStudioVersion = 16.0.31105.61
MinimumVisualStudioVersion = 10.0.40219.1
Project("{FAE04EC0-301F-11D3-BF4B-00C04F79EFBC}") = "ParcialAutos", "ParcialAutos\ParcialAutos.csproj", "{2B5F4A9B-AEC0-44D6-B06B-E9B8CC7727F9}"
EndProject
Project("{FAE04EC0-301F-11D3-BF4B-00C04F79EFBC}") = "Entidades", "Entidades\Entidades.csproj", "{D9490224-CE67-4BA4-B526-26C665024153}"
EndProject
Global
	GlobalSection(SolutionConfigurationPlatforms) = preSolution
		Debug|Any CPU = Debug|Any CPU
		Release|Any CPU = Release|Any CPU
	EndGlobalSection
	GlobalSection(ProjectConfigurationPlatforms) = postSolution
		{2B5F4A9B-AEC0-44D6-B06B-E9B8CC7727F9}.Debug|Any CPU.ActiveCfg = Debug|Any CPU
		{2B5F4A9B-AEC0-44D6-B06B-E9B8CC7727F9}.Debug|Any CPU.Build.0 = Debug|Any CPU
		{2B5F4A9B-AEC0-44D6-B06B-E9B8CC7727F9}.Release|Any CPU.ActiveCfg = Release|Any CPU
		{2B5F4A9B-AEC0-44D6-B06B-E9B8CC7727F9}.Release|Any CPU.Build.0 = Release|Any CPU
		{D9490224-CE67-4BA4-B526-26C665024153}.Debug|Any CPU.ActiveCfg = Debug|Any CPU
		{D9490224-CE67-4BA4-B526-26C665024153}.Debug|Any CPU.Build.0 = Debug|Any CPU
		{D9490224-CE67-4BA4-B526-26C665024153}.Release|Any CPU.ActiveCfg = Release|Any CPU
		{D9490224-CE67-4BA4-B526-26C665024153}.Release|Any CPU.Build.0 = Release|Any CPU
	EndGlobalSection
	GlobalSection(SolutionProperties) = preSolution
		HideSolutionNode = FALSE
	EndGlobalSection
	GlobalSection(ExtensibilityGlobals) = postSolution
		SolutionGuid = {1E8DC65B-1D86-4340-9DF2-BCE16F7713CC}
	EndGlobalSection
EndGlobal
